
Microsoft Visual Studio Solution File, Format Version 12.00
# Visual Studio Version 16
VisualStudioVersion = 16.0.32901.82
MinimumVisualStudioVersion = 10.0.40219.1
Project("{9A19103F-16F7-4668-BE54-9A1E7A4F7556}") = "DemoProject.Web", "DemoProject\DemoProject.Web.csproj", "{A29410EB-5165-476A-928D-2DCE92670E0A}"
EndProject
Project("{9A19103F-16F7-4668-BE54-9A1E7A4F7556}") = "DemoProject.Services", "Services\DemoProject.Services.csproj", "{E25E11AE-7AE3-406F-8202-21F6B48D10E2}"
EndProject
Global
	GlobalSection(SolutionConfigurationPlatforms) = preSolution
		Debug|Any CPU = Debug|Any CPU
		Release|Any CPU = Release|Any CPU
	EndGlobalSection
	GlobalSection(ProjectConfigurationPlatforms) = postSolution
		{A29410EB-5165-476A-928D-2DCE92670E0A}.Debug|Any CPU.ActiveCfg = Debug|Any CPU
		{A29410EB-5165-476A-928D-2DCE92670E0A}.Debug|Any CPU.Build.0 = Debug|Any CPU
		{A29410EB-5165-476A-928D-2DCE92670E0A}.Release|Any CPU.ActiveCfg = Release|Any CPU
		{A29410EB-5165-476A-928D-2DCE92670E0A}.Release|Any CPU.Build.0 = Release|Any CPU
		{E25E11AE-7AE3-406F-8202-21F6B48D10E2}.Debug|Any CPU.ActiveCfg = Debug|Any CPU
		{E25E11AE-7AE3-406F-8202-21F6B48D10E2}.Debug|Any CPU.Build.0 = Debug|Any CPU
		{E25E11AE-7AE3-406F-8202-21F6B48D10E2}.Release|Any CPU.ActiveCfg = Release|Any CPU
		{E25E11AE-7AE3-406F-8202-21F6B48D10E2}.Release|Any CPU.Build.0 = Release|Any CPU
	EndGlobalSection
	GlobalSection(SolutionProperties) = preSolution
		HideSolutionNode = FALSE
	EndGlobalSection
	GlobalSection(ExtensibilityGlobals) = postSolution
		SolutionGuid = {CF737413-F769-4269-96A9-CC52AE71C14F}
	EndGlobalSection
EndGlobal
